# Code generated by scarb DO NOT EDIT.
version = 1

[[package]]
name = "alexandria_math"
version = "0.2.1"
source = "git+https://github.com/keep-starknet-strange/alexandria.git?rev=475eaf015f4e997cff8ec31a5e7b4ab3f9a86e32#475eaf015f4e997cff8ec31a5e7b4ab3f9a86e32"

[[package]]
name = "snforge_std"
version = "0.21.0"
source = "git+https://github.com/foundry-rs/starknet-foundry?tag=v0.21.0#2996b8c1dd66b2715fc67e69578089f278a46790"

[[package]]
name = "vesu"
version = "0.1.0"
dependencies = [
 "alexandria_math",
 "snforge_std",
]
